// !$*UTF8*$!
{
	archiveVersion = 1;
	classes = {
	};
	objectVersion = 46;
	objects = {

/* Begin PBXBuildFile section */
		007774CC1A80D28100828FC8 /* PCAEverpobreBaseClass.m in Sources */ = {isa = PBXBuildFile; fileRef = 007774CB1A80D28100828FC8 /* PCAEverpobreBaseClass.m */; };
		007774CF1A80D6CC00828FC8 /* AGTCoreDataStack.m in Sources */ = {isa = PBXBuildFile; fileRef = 007774CE1A80D6CC00828FC8 /* AGTCoreDataStack.m */; };
		00E648641A836E410002FF1A /* PCANotebookTableViewCell.m in Sources */ = {isa = PBXBuildFile; fileRef = 00E648621A836E410002FF1A /* PCANotebookTableViewCell.m */; };
		00E648651A836E410002FF1A /* PCANotebookTableViewCell.xib in Resources */ = {isa = PBXBuildFile; fileRef = 00E648631A836E410002FF1A /* PCANotebookTableViewCell.xib */; };
		00E648691A83783C0002FF1A /* PCAPhotoTableViewCell.m in Sources */ = {isa = PBXBuildFile; fileRef = 00E648671A83783C0002FF1A /* PCAPhotoTableViewCell.m */; };
		00E6486A1A83783C0002FF1A /* PCAPhotoTableViewCell.xib in Resources */ = {isa = PBXBuildFile; fileRef = 00E648681A83783C0002FF1A /* PCAPhotoTableViewCell.xib */; };
		00E6486E1A83794B0002FF1A /* PCATextTableViewCell.m in Sources */ = {isa = PBXBuildFile; fileRef = 00E6486C1A83794B0002FF1A /* PCATextTableViewCell.m */; };
		00E6486F1A83794B0002FF1A /* PCATextTableViewCell.xib in Resources */ = {isa = PBXBuildFile; fileRef = 00E6486D1A83794B0002FF1A /* PCATextTableViewCell.xib */; };
		00E648731A837AF20002FF1A /* PCADatesTableViewCell.m in Sources */ = {isa = PBXBuildFile; fileRef = 00E648711A837AF20002FF1A /* PCADatesTableViewCell.m */; };
		00E648741A837AF20002FF1A /* PCADatesTableViewCell.xib in Resources */ = {isa = PBXBuildFile; fileRef = 00E648721A837AF20002FF1A /* PCADatesTableViewCell.xib */; };
		00E648781A837BF00002FF1A /* PCANameTableViewCell.m in Sources */ = {isa = PBXBuildFile; fileRef = 00E648761A837BF00002FF1A /* PCANameTableViewCell.m */; };
		00E648791A837BF00002FF1A /* PCANameTableViewCell.xib in Resources */ = {isa = PBXBuildFile; fileRef = 00E648771A837BF00002FF1A /* PCANameTableViewCell.xib */; };
		00E6487C1A837D800002FF1A /* PCANoteTableViewController.m in Sources */ = {isa = PBXBuildFile; fileRef = 00E6487B1A837D800002FF1A /* PCANoteTableViewController.m */; };
		00E6487E1A83A4A10002FF1A /* NoImageAvailable.jpg in Resources */ = {isa = PBXBuildFile; fileRef = 00E6487D1A83A4A10002FF1A /* NoImageAvailable.jpg */; };
		00E648831A83A7010002FF1A /* PCAPhotoViewController.m in Sources */ = {isa = PBXBuildFile; fileRef = 00E648811A83A7010002FF1A /* PCAPhotoViewController.m */; };
		00E648841A83A7010002FF1A /* PCAPhotoViewController.xib in Resources */ = {isa = PBXBuildFile; fileRef = 00E648821A83A7010002FF1A /* PCAPhotoViewController.xib */; };
		00EF2C251A821F9E0018877A /* AGTCoreDataTableViewController.m in Sources */ = {isa = PBXBuildFile; fileRef = 00EF2C241A821F9E0018877A /* AGTCoreDataTableViewController.m */; };
		00EF2C2A1A8220800018877A /* PCANotebooksViewController.m in Sources */ = {isa = PBXBuildFile; fileRef = 00EF2C281A8220800018877A /* PCANotebooksViewController.m */; };
		00EF2C2E1A823DFE0018877A /* UIViewController+Navigation.m in Sources */ = {isa = PBXBuildFile; fileRef = 00EF2C2D1A823DFE0018877A /* UIViewController+Navigation.m */; };
		00EF2C351A8243DA0018877A /* PCANotesViewController.m in Sources */ = {isa = PBXBuildFile; fileRef = 00EF2C341A8243DA0018877A /* PCANotesViewController.m */; };
		00F9813E1A7F916A00FBC205 /* main.m in Sources */ = {isa = PBXBuildFile; fileRef = 00F9813D1A7F916A00FBC205 /* main.m */; };
		00F981411A7F916A00FBC205 /* AppDelegate.m in Sources */ = {isa = PBXBuildFile; fileRef = 00F981401A7F916A00FBC205 /* AppDelegate.m */; };
		00F981431A7F916A00FBC205 /* Images.xcassets in Resources */ = {isa = PBXBuildFile; fileRef = 00F981421A7F916A00FBC205 /* Images.xcassets */; };
		00F981461A7F916A00FBC205 /* LaunchScreen.xib in Resources */ = {isa = PBXBuildFile; fileRef = 00F981441A7F916A00FBC205 /* LaunchScreen.xib */; };
		00F981521A7F916A00FBC205 /* EverpobreTests.m in Sources */ = {isa = PBXBuildFile; fileRef = 00F981511A7F916A00FBC205 /* EverpobreTests.m */; };
		00F9815E1A7F958000FBC205 /* Model.xcdatamodeld in Sources */ = {isa = PBXBuildFile; fileRef = 00F9815C1A7F958000FBC205 /* Model.xcdatamodeld */; };
		00F981741A7FAB3000FBC205 /* _PCANote.m in Sources */ = {isa = PBXBuildFile; fileRef = 00F981691A7FAB3000FBC205 /* _PCANote.m */; };
		00F981751A7FAB3000FBC205 /* _PCANotebook.m in Sources */ = {isa = PBXBuildFile; fileRef = 00F9816B1A7FAB3000FBC205 /* _PCANotebook.m */; };
		00F981761A7FAB3000FBC205 /* _PCAPhotoContainer.m in Sources */ = {isa = PBXBuildFile; fileRef = 00F9816D1A7FAB3000FBC205 /* _PCAPhotoContainer.m */; };
		00F981771A7FAB3000FBC205 /* PCANote.m in Sources */ = {isa = PBXBuildFile; fileRef = 00F9816F1A7FAB3000FBC205 /* PCANote.m */; };
		00F981781A7FAB3000FBC205 /* PCANotebook.m in Sources */ = {isa = PBXBuildFile; fileRef = 00F981711A7FAB3000FBC205 /* PCANotebook.m */; };
		00F981791A7FAB3000FBC205 /* PCAPhotoContainer.m in Sources */ = {isa = PBXBuildFile; fileRef = 00F981731A7FAB3000FBC205 /* PCAPhotoContainer.m */; };
/* End PBXBuildFile section */

/* Begin PBXContainerItemProxy section */
		00F9814C1A7F916A00FBC205 /* PBXContainerItemProxy */ = {
			isa = PBXContainerItemProxy;
			containerPortal = 00F981301A7F916A00FBC205 /* Project object */;
			proxyType = 1;
			remoteGlobalIDString = 00F981371A7F916A00FBC205;
			remoteInfo = Everpobre;
		};
/* End PBXContainerItemProxy section */

/* Begin PBXFileReference section */
		007774CA1A80D28100828FC8 /* PCAEverpobreBaseClass.h */ = {isa = PBXFileReference; fileEncoding = 4; lastKnownFileType = sourcecode.c.h; path = PCAEverpobreBaseClass.h; sourceTree = "<group>"; };
		007774CB1A80D28100828FC8 /* PCAEverpobreBaseClass.m */ = {isa = PBXFileReference; fileEncoding = 4; lastKnownFileType = sourcecode.c.objc; path = PCAEverpobreBaseClass.m; sourceTree = "<group>"; };
		007774CD1A80D6CC00828FC8 /* AGTCoreDataStack.h */ = {isa = PBXFileReference; fileEncoding = 4; lastKnownFileType = sourcecode.c.h; path = AGTCoreDataStack.h; sourceTree = "<group>"; };
		007774CE1A80D6CC00828FC8 /* AGTCoreDataStack.m */ = {isa = PBXFileReference; fileEncoding = 4; lastKnownFileType = sourcecode.c.objc; path = AGTCoreDataStack.m; sourceTree = "<group>"; };
		00E648611A836E410002FF1A /* PCANotebookTableViewCell.h */ = {isa = PBXFileReference; fileEncoding = 4; lastKnownFileType = sourcecode.c.h; path = PCANotebookTableViewCell.h; sourceTree = "<group>"; };
		00E648621A836E410002FF1A /* PCANotebookTableViewCell.m */ = {isa = PBXFileReference; fileEncoding = 4; lastKnownFileType = sourcecode.c.objc; path = PCANotebookTableViewCell.m; sourceTree = "<group>"; };
		00E648631A836E410002FF1A /* PCANotebookTableViewCell.xib */ = {isa = PBXFileReference; fileEncoding = 4; lastKnownFileType = file.xib; path = PCANotebookTableViewCell.xib; sourceTree = "<group>"; };
		00E648661A83783C0002FF1A /* PCAPhotoTableViewCell.h */ = {isa = PBXFileReference; fileEncoding = 4; lastKnownFileType = sourcecode.c.h; path = PCAPhotoTableViewCell.h; sourceTree = "<group>"; };
		00E648671A83783C0002FF1A /* PCAPhotoTableViewCell.m */ = {isa = PBXFileReference; fileEncoding = 4; lastKnownFileType = sourcecode.c.objc; path = PCAPhotoTableViewCell.m; sourceTree = "<group>"; };
		00E648681A83783C0002FF1A /* PCAPhotoTableViewCell.xib */ = {isa = PBXFileReference; fileEncoding = 4; lastKnownFileType = file.xib; path = PCAPhotoTableViewCell.xib; sourceTree = "<group>"; };
		00E6486B1A83794B0002FF1A /* PCATextTableViewCell.h */ = {isa = PBXFileReference; fileEncoding = 4; lastKnownFileType = sourcecode.c.h; path = PCATextTableViewCell.h; sourceTree = "<group>"; };
		00E6486C1A83794B0002FF1A /* PCATextTableViewCell.m */ = {isa = PBXFileReference; fileEncoding = 4; lastKnownFileType = sourcecode.c.objc; path = PCATextTableViewCell.m; sourceTree = "<group>"; };
		00E6486D1A83794B0002FF1A /* PCATextTableViewCell.xib */ = {isa = PBXFileReference; fileEncoding = 4; lastKnownFileType = file.xib; path = PCATextTableViewCell.xib; sourceTree = "<group>"; };
		00E648701A837AF20002FF1A /* PCADatesTableViewCell.h */ = {isa = PBXFileReference; fileEncoding = 4; lastKnownFileType = sourcecode.c.h; path = PCADatesTableViewCell.h; sourceTree = "<group>"; };
		00E648711A837AF20002FF1A /* PCADatesTableViewCell.m */ = {isa = PBXFileReference; fileEncoding = 4; lastKnownFileType = sourcecode.c.objc; path = PCADatesTableViewCell.m; sourceTree = "<group>"; };
		00E648721A837AF20002FF1A /* PCADatesTableViewCell.xib */ = {isa = PBXFileReference; fileEncoding = 4; lastKnownFileType = file.xib; path = PCADatesTableViewCell.xib; sourceTree = "<group>"; };
		00E648751A837BF00002FF1A /* PCANameTableViewCell.h */ = {isa = PBXFileReference; fileEncoding = 4; lastKnownFileType = sourcecode.c.h; path = PCANameTableViewCell.h; sourceTree = "<group>"; };
		00E648761A837BF00002FF1A /* PCANameTableViewCell.m */ = {isa = PBXFileReference; fileEncoding = 4; lastKnownFileType = sourcecode.c.objc; path = PCANameTableViewCell.m; sourceTree = "<group>"; };
		00E648771A837BF00002FF1A /* PCANameTableViewCell.xib */ = {isa = PBXFileReference; fileEncoding = 4; lastKnownFileType = file.xib; path = PCANameTableViewCell.xib; sourceTree = "<group>"; };
		00E6487A1A837D800002FF1A /* PCANoteTableViewController.h */ = {isa = PBXFileReference; fileEncoding = 4; lastKnownFileType = sourcecode.c.h; path = PCANoteTableViewController.h; sourceTree = "<group>"; };
		00E6487B1A837D800002FF1A /* PCANoteTableViewController.m */ = {isa = PBXFileReference; fileEncoding = 4; lastKnownFileType = sourcecode.c.objc; path = PCANoteTableViewController.m; sourceTree = "<group>"; };
		00E6487D1A83A4A10002FF1A /* NoImageAvailable.jpg */ = {isa = PBXFileReference; lastKnownFileType = image.jpeg; path = NoImageAvailable.jpg; sourceTree = "<group>"; };
		00E648801A83A7010002FF1A /* PCAPhotoViewController.h */ = {isa = PBXFileReference; fileEncoding = 4; lastKnownFileType = sourcecode.c.h; path = PCAPhotoViewController.h; sourceTree = "<group>"; };
		00E648811A83A7010002FF1A /* PCAPhotoViewController.m */ = {isa = PBXFileReference; fileEncoding = 4; lastKnownFileType = sourcecode.c.objc; path = PCAPhotoViewController.m; sourceTree = "<group>"; };
		00E648821A83A7010002FF1A /* PCAPhotoViewController.xib */ = {isa = PBXFileReference; fileEncoding = 4; lastKnownFileType = file.xib; path = PCAPhotoViewController.xib; sourceTree = "<group>"; };
		00EF2C231A821F9E0018877A /* AGTCoreDataTableViewController.h */ = {isa = PBXFileReference; fileEncoding = 4; lastKnownFileType = sourcecode.c.h; path = AGTCoreDataTableViewController.h; sourceTree = "<group>"; };
		00EF2C241A821F9E0018877A /* AGTCoreDataTableViewController.m */ = {isa = PBXFileReference; fileEncoding = 4; lastKnownFileType = sourcecode.c.objc; path = AGTCoreDataTableViewController.m; sourceTree = "<group>"; };
		00EF2C271A8220800018877A /* PCANotebooksViewController.h */ = {isa = PBXFileReference; fileEncoding = 4; lastKnownFileType = sourcecode.c.h; path = PCANotebooksViewController.h; sourceTree = "<group>"; };
		00EF2C281A8220800018877A /* PCANotebooksViewController.m */ = {isa = PBXFileReference; fileEncoding = 4; lastKnownFileType = sourcecode.c.objc; path = PCANotebooksViewController.m; sourceTree = "<group>"; };
		00EF2C2C1A823DFE0018877A /* UIViewController+Navigation.h */ = {isa = PBXFileReference; fileEncoding = 4; lastKnownFileType = sourcecode.c.h; path = "UIViewController+Navigation.h"; sourceTree = "<group>"; };
		00EF2C2D1A823DFE0018877A /* UIViewController+Navigation.m */ = {isa = PBXFileReference; fileEncoding = 4; lastKnownFileType = sourcecode.c.objc; path = "UIViewController+Navigation.m"; sourceTree = "<group>"; };
		00EF2C331A8243DA0018877A /* PCANotesViewController.h */ = {isa = PBXFileReference; fileEncoding = 4; lastKnownFileType = sourcecode.c.h; path = PCANotesViewController.h; sourceTree = "<group>"; };
		00EF2C341A8243DA0018877A /* PCANotesViewController.m */ = {isa = PBXFileReference; fileEncoding = 4; lastKnownFileType = sourcecode.c.objc; path = PCANotesViewController.m; sourceTree = "<group>"; };
		00F981381A7F916A00FBC205 /* Everpobre.app */ = {isa = PBXFileReference; explicitFileType = wrapper.application; includeInIndex = 0; path = Everpobre.app; sourceTree = BUILT_PRODUCTS_DIR; };
		00F9813C1A7F916A00FBC205 /* Info.plist */ = {isa = PBXFileReference; lastKnownFileType = text.plist.xml; path = Info.plist; sourceTree = "<group>"; };
		00F9813D1A7F916A00FBC205 /* main.m */ = {isa = PBXFileReference; lastKnownFileType = sourcecode.c.objc; path = main.m; sourceTree = "<group>"; };
		00F9813F1A7F916A00FBC205 /* AppDelegate.h */ = {isa = PBXFileReference; lastKnownFileType = sourcecode.c.h; path = AppDelegate.h; sourceTree = "<group>"; };
		00F981401A7F916A00FBC205 /* AppDelegate.m */ = {isa = PBXFileReference; lastKnownFileType = sourcecode.c.objc; path = AppDelegate.m; sourceTree = "<group>"; };
		00F981421A7F916A00FBC205 /* Images.xcassets */ = {isa = PBXFileReference; lastKnownFileType = folder.assetcatalog; path = Images.xcassets; sourceTree = "<group>"; };
		00F981451A7F916A00FBC205 /* Base */ = {isa = PBXFileReference; lastKnownFileType = file.xib; name = Base; path = Base.lproj/LaunchScreen.xib; sourceTree = "<group>"; };
		00F9814B1A7F916A00FBC205 /* EverpobreTests.xctest */ = {isa = PBXFileReference; explicitFileType = wrapper.cfbundle; includeInIndex = 0; path = EverpobreTests.xctest; sourceTree = BUILT_PRODUCTS_DIR; };
		00F981501A7F916A00FBC205 /* Info.plist */ = {isa = PBXFileReference; lastKnownFileType = text.plist.xml; path = Info.plist; sourceTree = "<group>"; };
		00F981511A7F916A00FBC205 /* EverpobreTests.m */ = {isa = PBXFileReference; lastKnownFileType = sourcecode.c.objc; path = EverpobreTests.m; sourceTree = "<group>"; };
		00F9815D1A7F958000FBC205 /* Model.xcdatamodel */ = {isa = PBXFileReference; lastKnownFileType = wrapper.xcdatamodel; path = Model.xcdatamodel; sourceTree = "<group>"; };
		00F981681A7FAB3000FBC205 /* _PCANote.h */ = {isa = PBXFileReference; fileEncoding = 4; lastKnownFileType = sourcecode.c.h; path = _PCANote.h; sourceTree = "<group>"; };
		00F981691A7FAB3000FBC205 /* _PCANote.m */ = {isa = PBXFileReference; fileEncoding = 4; lastKnownFileType = sourcecode.c.objc; path = _PCANote.m; sourceTree = "<group>"; };
		00F9816A1A7FAB3000FBC205 /* _PCANotebook.h */ = {isa = PBXFileReference; fileEncoding = 4; lastKnownFileType = sourcecode.c.h; path = _PCANotebook.h; sourceTree = "<group>"; };
		00F9816B1A7FAB3000FBC205 /* _PCANotebook.m */ = {isa = PBXFileReference; fileEncoding = 4; lastKnownFileType = sourcecode.c.objc; path = _PCANotebook.m; sourceTree = "<group>"; };
		00F9816C1A7FAB3000FBC205 /* _PCAPhotoContainer.h */ = {isa = PBXFileReference; fileEncoding = 4; lastKnownFileType = sourcecode.c.h; path = _PCAPhotoContainer.h; sourceTree = "<group>"; };
		00F9816D1A7FAB3000FBC205 /* _PCAPhotoContainer.m */ = {isa = PBXFileReference; fileEncoding = 4; lastKnownFileType = sourcecode.c.objc; path = _PCAPhotoContainer.m; sourceTree = "<group>"; };
		00F9816E1A7FAB3000FBC205 /* PCANote.h */ = {isa = PBXFileReference; fileEncoding = 4; lastKnownFileType = sourcecode.c.h; path = PCANote.h; sourceTree = "<group>"; };
		00F9816F1A7FAB3000FBC205 /* PCANote.m */ = {isa = PBXFileReference; fileEncoding = 4; lastKnownFileType = sourcecode.c.objc; path = PCANote.m; sourceTree = "<group>"; };
		00F981701A7FAB3000FBC205 /* PCANotebook.h */ = {isa = PBXFileReference; fileEncoding = 4; lastKnownFileType = sourcecode.c.h; path = PCANotebook.h; sourceTree = "<group>"; };
		00F981711A7FAB3000FBC205 /* PCANotebook.m */ = {isa = PBXFileReference; fileEncoding = 4; lastKnownFileType = sourcecode.c.objc; path = PCANotebook.m; sourceTree = "<group>"; };
		00F981721A7FAB3000FBC205 /* PCAPhotoContainer.h */ = {isa = PBXFileReference; fileEncoding = 4; lastKnownFileType = sourcecode.c.h; path = PCAPhotoContainer.h; sourceTree = "<group>"; };
		00F981731A7FAB3000FBC205 /* PCAPhotoContainer.m */ = {isa = PBXFileReference; fileEncoding = 4; lastKnownFileType = sourcecode.c.objc; path = PCAPhotoContainer.m; sourceTree = "<group>"; };
/* End PBXFileReference section */

/* Begin PBXFrameworksBuildPhase section */
		00F981351A7F916A00FBC205 /* Frameworks */ = {
			isa = PBXFrameworksBuildPhase;
			buildActionMask = 2147483647;
			files = (
			);
			runOnlyForDeploymentPostprocessing = 0;
		};
		00F981481A7F916A00FBC205 /* Frameworks */ = {
			isa = PBXFrameworksBuildPhase;
			buildActionMask = 2147483647;
			files = (
			);
			runOnlyForDeploymentPostprocessing = 0;
		};
/* End PBXFrameworksBuildPhase section */

/* Begin PBXGroup section */
		00E648601A836E1E0002FF1A /* Views */ = {
			isa = PBXGroup;
			children = (
				00E648611A836E410002FF1A /* PCANotebookTableViewCell.h */,
				00E648621A836E410002FF1A /* PCANotebookTableViewCell.m */,
				00E648631A836E410002FF1A /* PCANotebookTableViewCell.xib */,
				00E648661A83783C0002FF1A /* PCAPhotoTableViewCell.h */,
				00E648671A83783C0002FF1A /* PCAPhotoTableViewCell.m */,
				00E648681A83783C0002FF1A /* PCAPhotoTableViewCell.xib */,
				00E6486B1A83794B0002FF1A /* PCATextTableViewCell.h */,
				00E6486C1A83794B0002FF1A /* PCATextTableViewCell.m */,
				00E6486D1A83794B0002FF1A /* PCATextTableViewCell.xib */,
				00E648701A837AF20002FF1A /* PCADatesTableViewCell.h */,
				00E648711A837AF20002FF1A /* PCADatesTableViewCell.m */,
				00E648721A837AF20002FF1A /* PCADatesTableViewCell.xib */,
				00E648751A837BF00002FF1A /* PCANameTableViewCell.h */,
				00E648761A837BF00002FF1A /* PCANameTableViewCell.m */,
				00E648771A837BF00002FF1A /* PCANameTableViewCell.xib */,
			);
			name = Views;
			sourceTree = "<group>";
		};
		00E6487F1A83A4A50002FF1A /* Resources */ = {
			isa = PBXGroup;
			children = (
				00E6487D1A83A4A10002FF1A /* NoImageAvailable.jpg */,
			);
			name = Resources;
			sourceTree = "<group>";
		};
		00EF2C261A821FB50018877A /* Controllers */ = {
			isa = PBXGroup;
			children = (
				00EF2C231A821F9E0018877A /* AGTCoreDataTableViewController.h */,
				00EF2C241A821F9E0018877A /* AGTCoreDataTableViewController.m */,
				00EF2C271A8220800018877A /* PCANotebooksViewController.h */,
				00EF2C281A8220800018877A /* PCANotebooksViewController.m */,
				00EF2C331A8243DA0018877A /* PCANotesViewController.h */,
				00EF2C341A8243DA0018877A /* PCANotesViewController.m */,
				00E6487A1A837D800002FF1A /* PCANoteTableViewController.h */,
				00E6487B1A837D800002FF1A /* PCANoteTableViewController.m */,
				00E648801A83A7010002FF1A /* PCAPhotoViewController.h */,
				00E648811A83A7010002FF1A /* PCAPhotoViewController.m */,
				00E648821A83A7010002FF1A /* PCAPhotoViewController.xib */,
			);
			name = Controllers;
			sourceTree = "<group>";
		};
		00EF2C2F1A823E0F0018877A /* Categories */ = {
			isa = PBXGroup;
			children = (
				00EF2C2C1A823DFE0018877A /* UIViewController+Navigation.h */,
				00EF2C2D1A823DFE0018877A /* UIViewController+Navigation.m */,
			);
			name = Categories;
			sourceTree = "<group>";
		};
		00F9812F1A7F916A00FBC205 = {
			isa = PBXGroup;
			children = (
				00F9813A1A7F916A00FBC205 /* Everpobre */,
				00F9814E1A7F916A00FBC205 /* EverpobreTests */,
				00F981391A7F916A00FBC205 /* Products */,
			);
			sourceTree = "<group>";
		};
		00F981391A7F916A00FBC205 /* Products */ = {
			isa = PBXGroup;
			children = (
				00F981381A7F916A00FBC205 /* Everpobre.app */,
				00F9814B1A7F916A00FBC205 /* EverpobreTests.xctest */,
			);
			name = Products;
			sourceTree = "<group>";
		};
		00F9813A1A7F916A00FBC205 /* Everpobre */ = {
			isa = PBXGroup;
			children = (
				00E6487F1A83A4A50002FF1A /* Resources */,
				00E648601A836E1E0002FF1A /* Views */,
				00EF2C2F1A823E0F0018877A /* Categories */,
				00EF2C261A821FB50018877A /* Controllers */,
				00F9815B1A7F950900FBC205 /* Models */,
				00F9813F1A7F916A00FBC205 /* AppDelegate.h */,
				00F981401A7F916A00FBC205 /* AppDelegate.m */,
				00F981421A7F916A00FBC205 /* Images.xcassets */,
				00F981441A7F916A00FBC205 /* LaunchScreen.xib */,
				00F9813B1A7F916A00FBC205 /* Supporting Files */,
			);
			path = Everpobre;
			sourceTree = "<group>";
		};
		00F9813B1A7F916A00FBC205 /* Supporting Files */ = {
			isa = PBXGroup;
			children = (
				00F9813C1A7F916A00FBC205 /* Info.plist */,
				00F9813D1A7F916A00FBC205 /* main.m */,
			);
			name = "Supporting Files";
			sourceTree = "<group>";
		};
		00F9814E1A7F916A00FBC205 /* EverpobreTests */ = {
			isa = PBXGroup;
			children = (
				00F981511A7F916A00FBC205 /* EverpobreTests.m */,
				00F9814F1A7F916A00FBC205 /* Supporting Files */,
			);
			path = EverpobreTests;
			sourceTree = "<group>";
		};
		00F9814F1A7F916A00FBC205 /* Supporting Files */ = {
			isa = PBXGroup;
			children = (
				00F981501A7F916A00FBC205 /* Info.plist */,
			);
			name = "Supporting Files";
			sourceTree = "<group>";
		};
		00F9815B1A7F950900FBC205 /* Models */ = {
			isa = PBXGroup;
			children = (
				00F9817A1A7FABD700FBC205 /* Machine */,
				007774CD1A80D6CC00828FC8 /* AGTCoreDataStack.h */,
				007774CE1A80D6CC00828FC8 /* AGTCoreDataStack.m */,
				00F9816E1A7FAB3000FBC205 /* PCANote.h */,
				00F9816F1A7FAB3000FBC205 /* PCANote.m */,
				00F981701A7FAB3000FBC205 /* PCANotebook.h */,
				00F981711A7FAB3000FBC205 /* PCANotebook.m */,
				00F981721A7FAB3000FBC205 /* PCAPhotoContainer.h */,
				00F981731A7FAB3000FBC205 /* PCAPhotoContainer.m */,
				00F9815C1A7F958000FBC205 /* Model.xcdatamodeld */,
			);
			name = Models;
			sourceTree = "<group>";
		};
		00F9817A1A7FABD700FBC205 /* Machine */ = {
			isa = PBXGroup;
			children = (
				00F981681A7FAB3000FBC205 /* _PCANote.h */,
				00F981691A7FAB3000FBC205 /* _PCANote.m */,
				00F9816A1A7FAB3000FBC205 /* _PCANotebook.h */,
				00F9816B1A7FAB3000FBC205 /* _PCANotebook.m */,
				00F9816C1A7FAB3000FBC205 /* _PCAPhotoContainer.h */,
				00F9816D1A7FAB3000FBC205 /* _PCAPhotoContainer.m */,
				007774CA1A80D28100828FC8 /* PCAEverpobreBaseClass.h */,
				007774CB1A80D28100828FC8 /* PCAEverpobreBaseClass.m */,
			);
			name = Machine;
			sourceTree = "<group>";
		};
/* End PBXGroup section */

/* Begin PBXNativeTarget section */
		00F981371A7F916A00FBC205 /* Everpobre */ = {
			isa = PBXNativeTarget;
			buildConfigurationList = 00F981551A7F916A00FBC205 /* Build configuration list for PBXNativeTarget "Everpobre" */;
			buildPhases = (
				00F981341A7F916A00FBC205 /* Sources */,
				00F981351A7F916A00FBC205 /* Frameworks */,
				00F981361A7F916A00FBC205 /* Resources */,
			);
			buildRules = (
			);
			dependencies = (
			);
			name = Everpobre;
			productName = Everpobre;
			productReference = 00F981381A7F916A00FBC205 /* Everpobre.app */;
			productType = "com.apple.product-type.application";
		};
		00F9814A1A7F916A00FBC205 /* EverpobreTests */ = {
			isa = PBXNativeTarget;
			buildConfigurationList = 00F981581A7F916A00FBC205 /* Build configuration list for PBXNativeTarget "EverpobreTests" */;
			buildPhases = (
				00F981471A7F916A00FBC205 /* Sources */,
				00F981481A7F916A00FBC205 /* Frameworks */,
				00F981491A7F916A00FBC205 /* Resources */,
			);
			buildRules = (
			);
			dependencies = (
				00F9814D1A7F916A00FBC205 /* PBXTargetDependency */,
			);
			name = EverpobreTests;
			productName = EverpobreTests;
			productReference = 00F9814B1A7F916A00FBC205 /* EverpobreTests.xctest */;
			productType = "com.apple.product-type.bundle.unit-test";
		};
/* End PBXNativeTarget section */

/* Begin PBXProject section */
		00F981301A7F916A00FBC205 /* Project object */ = {
			isa = PBXProject;
			attributes = {
				LastUpgradeCheck = 0610;
				ORGANIZATIONNAME = "Paco Cardenal";
				TargetAttributes = {
					00F981371A7F916A00FBC205 = {
						CreatedOnToolsVersion = 6.1;
					};
					00F9814A1A7F916A00FBC205 = {
						CreatedOnToolsVersion = 6.1;
						TestTargetID = 00F981371A7F916A00FBC205;
					};
				};
			};
			buildConfigurationList = 00F981331A7F916A00FBC205 /* Build configuration list for PBXProject "Everpobre" */;
			compatibilityVersion = "Xcode 3.2";
			developmentRegion = English;
			hasScannedForEncodings = 0;
			knownRegions = (
				en,
				Base,
			);
			mainGroup = 00F9812F1A7F916A00FBC205;
			productRefGroup = 00F981391A7F916A00FBC205 /* Products */;
			projectDirPath = "";
			projectRoot = "";
			targets = (
				00F981371A7F916A00FBC205 /* Everpobre */,
				00F9814A1A7F916A00FBC205 /* EverpobreTests */,
			);
		};
/* End PBXProject section */

/* Begin PBXResourcesBuildPhase section */
		00F981361A7F916A00FBC205 /* Resources */ = {
			isa = PBXResourcesBuildPhase;
			buildActionMask = 2147483647;
			files = (
				00E6486F1A83794B0002FF1A /* PCATextTableViewCell.xib in Resources */,
				00F981461A7F916A00FBC205 /* LaunchScreen.xib in Resources */,
				00E648741A837AF20002FF1A /* PCADatesTableViewCell.xib in Resources */,
				00F981431A7F916A00FBC205 /* Images.xcassets in Resources */,
				00E6487E1A83A4A10002FF1A /* NoImageAvailable.jpg in Resources */,
				00E648651A836E410002FF1A /* PCANotebookTableViewCell.xib in Resources */,
				00E648841A83A7010002FF1A /* PCAPhotoViewController.xib in Resources */,
				00E6486A1A83783C0002FF1A /* PCAPhotoTableViewCell.xib in Resources */,
				00E648791A837BF00002FF1A /* PCANameTableViewCell.xib in Resources */,
			);
			runOnlyForDeploymentPostprocessing = 0;
		};
		00F981491A7F916A00FBC205 /* Resources */ = {
			isa = PBXResourcesBuildPhase;
			buildActionMask = 2147483647;
			files = (
			);
			runOnlyForDeploymentPostprocessing = 0;
		};
/* End PBXResourcesBuildPhase section */

/* Begin PBXSourcesBuildPhase section */
		00F981341A7F916A00FBC205 /* Sources */ = {
			isa = PBXSourcesBuildPhase;
			buildActionMask = 2147483647;
			files = (
				00E648831A83A7010002FF1A /* PCAPhotoViewController.m in Sources */,
				007774CF1A80D6CC00828FC8 /* AGTCoreDataStack.m in Sources */,
				00E6486E1A83794B0002FF1A /* PCATextTableViewCell.m in Sources */,
				00F981791A7FAB3000FBC205 /* PCAPhotoContainer.m in Sources */,
				00E648731A837AF20002FF1A /* PCADatesTableViewCell.m in Sources */,
				00EF2C251A821F9E0018877A /* AGTCoreDataTableViewController.m in Sources */,
				00F981771A7FAB3000FBC205 /* PCANote.m in Sources */,
				00EF2C351A8243DA0018877A /* PCANotesViewController.m in Sources */,
				00EF2C2E1A823DFE0018877A /* UIViewController+Navigation.m in Sources */,
				00F981411A7F916A00FBC205 /* AppDelegate.m in Sources */,
				00F9813E1A7F916A00FBC205 /* main.m in Sources */,
				00F981751A7FAB3000FBC205 /* _PCANotebook.m in Sources */,
				00F981741A7FAB3000FBC205 /* _PCANote.m in Sources */,
				00F981781A7FAB3000FBC205 /* PCANotebook.m in Sources */,
				00E648781A837BF00002FF1A /* PCANameTableViewCell.m in Sources */,
				00EF2C2A1A8220800018877A /* PCANotebooksViewController.m in Sources */,
				00F9815E1A7F958000FBC205 /* Model.xcdatamodeld in Sources */,
				00E648641A836E410002FF1A /* PCANotebookTableViewCell.m in Sources */,
				00E648691A83783C0002FF1A /* PCAPhotoTableViewCell.m in Sources */,
				00F981761A7FAB3000FBC205 /* _PCAPhotoContainer.m in Sources */,
				007774CC1A80D28100828FC8 /* PCAEverpobreBaseClass.m in Sources */,
				00E6487C1A837D800002FF1A /* PCANoteTableViewController.m in Sources */,
			);
			runOnlyForDeploymentPostprocessing = 0;
		};
		00F981471A7F916A00FBC205 /* Sources */ = {
			isa = PBXSourcesBuildPhase;
			buildActionMask = 2147483647;
			files = (
				00F981521A7F916A00FBC205 /* EverpobreTests.m in Sources */,
			);
			runOnlyForDeploymentPostprocessing = 0;
		};
/* End PBXSourcesBuildPhase section */

/* Begin PBXTargetDependency section */
		00F9814D1A7F916A00FBC205 /* PBXTargetDependency */ = {
			isa = PBXTargetDependency;
			target = 00F981371A7F916A00FBC205 /* Everpobre */;
			targetProxy = 00F9814C1A7F916A00FBC205 /* PBXContainerItemProxy */;
		};
/* End PBXTargetDependency section */

/* Begin PBXVariantGroup section */
		00F981441A7F916A00FBC205 /* LaunchScreen.xib */ = {
			isa = PBXVariantGroup;
			children = (
				00F981451A7F916A00FBC205 /* Base */,
			);
			name = LaunchScreen.xib;
			sourceTree = "<group>";
		};
/* End PBXVariantGroup section */

/* Begin XCBuildConfiguration section */
		00F981531A7F916A00FBC205 /* Debug */ = {
			isa = XCBuildConfiguration;
			buildSettings = {
				ALWAYS_SEARCH_USER_PATHS = NO;
				CLANG_CXX_LANGUAGE_STANDARD = "gnu++0x";
				CLANG_CXX_LIBRARY = "libc++";
				CLANG_ENABLE_MODULES = YES;
				CLANG_ENABLE_OBJC_ARC = YES;
				CLANG_WARN_BOOL_CONVERSION = YES;
				CLANG_WARN_CONSTANT_CONVERSION = YES;
				CLANG_WARN_DIRECT_OBJC_ISA_USAGE = YES_ERROR;
				CLANG_WARN_EMPTY_BODY = YES;
				CLANG_WARN_ENUM_CONVERSION = YES;
				CLANG_WARN_INT_CONVERSION = YES;
				CLANG_WARN_OBJC_ROOT_CLASS = YES_ERROR;
				CLANG_WARN_UNREACHABLE_CODE = YES;
				CLANG_WARN__DUPLICATE_METHOD_MATCH = YES;
				"CODE_SIGN_IDENTITY[sdk=iphoneos*]" = "iPhone Developer";
				COPY_PHASE_STRIP = NO;
				ENABLE_STRICT_OBJC_MSGSEND = YES;
				GCC_C_LANGUAGE_STANDARD = gnu99;
				GCC_DYNAMIC_NO_PIC = NO;
				GCC_OPTIMIZATION_LEVEL = 0;
				GCC_PREPROCESSOR_DEFINITIONS = (
					"DEBUG=1",
					"$(inherited)",
				);
				GCC_SYMBOLS_PRIVATE_EXTERN = NO;
				GCC_WARN_64_TO_32_BIT_CONVERSION = YES;
				GCC_WARN_ABOUT_RETURN_TYPE = YES_ERROR;
				GCC_WARN_UNDECLARED_SELECTOR = YES;
				GCC_WARN_UNINITIALIZED_AUTOS = YES_AGGRESSIVE;
				GCC_WARN_UNUSED_FUNCTION = YES;
				GCC_WARN_UNUSED_VARIABLE = YES;
				IPHONEOS_DEPLOYMENT_TARGET = 8.1;
				MTL_ENABLE_DEBUG_INFO = YES;
				ONLY_ACTIVE_ARCH = YES;
				SDKROOT = iphoneos;
			};
			name = Debug;
		};
		00F981541A7F916A00FBC205 /* Release */ = {
			isa = XCBuildConfiguration;
			buildSettings = {
				ALWAYS_SEARCH_USER_PATHS = NO;
				CLANG_CXX_LANGUAGE_STANDARD = "gnu++0x";
				CLANG_CXX_LIBRARY = "libc++";
				CLANG_ENABLE_MODULES = YES;
				CLANG_ENABLE_OBJC_ARC = YES;
				CLANG_WARN_BOOL_CONVERSION = YES;
				CLANG_WARN_CONSTANT_CONVERSION = YES;
				CLANG_WARN_DIRECT_OBJC_ISA_USAGE = YES_ERROR;
				CLANG_WARN_EMPTY_BODY = YES;
				CLANG_WARN_ENUM_CONVERSION = YES;
				CLANG_WARN_INT_CONVERSION = YES;
				CLANG_WARN_OBJC_ROOT_CLASS = YES_ERROR;
				CLANG_WARN_UNREACHABLE_CODE = YES;
				CLANG_WARN__DUPLICATE_METHOD_MATCH = YES;
				"CODE_SIGN_IDENTITY[sdk=iphoneos*]" = "iPhone Developer";
				COPY_PHASE_STRIP = YES;
				ENABLE_NS_ASSERTIONS = NO;
				ENABLE_STRICT_OBJC_MSGSEND = YES;
				GCC_C_LANGUAGE_STANDARD = gnu99;
				GCC_WARN_64_TO_32_BIT_CONVERSION = YES;
				GCC_WARN_ABOUT_RETURN_TYPE = YES_ERROR;
				GCC_WARN_UNDECLARED_SELECTOR = YES;
				GCC_WARN_UNINITIALIZED_AUTOS = YES_AGGRESSIVE;
				GCC_WARN_UNUSED_FUNCTION = YES;
				GCC_WARN_UNUSED_VARIABLE = YES;
				IPHONEOS_DEPLOYMENT_TARGET = 8.1;
				MTL_ENABLE_DEBUG_INFO = NO;
				SDKROOT = iphoneos;
				VALIDATE_PRODUCT = YES;
			};
			name = Release;
		};
		00F981561A7F916A00FBC205 /* Debug */ = {
			isa = XCBuildConfiguration;
			buildSettings = {
				ASSETCATALOG_COMPILER_APPICON_NAME = AppIcon;
				INFOPLIST_FILE = Everpobre/Info.plist;
				LD_RUNPATH_SEARCH_PATHS = "$(inherited) @executable_path/Frameworks";
				PRODUCT_NAME = "$(TARGET_NAME)";
			};
			name = Debug;
		};
		00F981571A7F916A00FBC205 /* Release */ = {
			isa = XCBuildConfiguration;
			buildSettings = {
				ASSETCATALOG_COMPILER_APPICON_NAME = AppIcon;
				INFOPLIST_FILE = Everpobre/Info.plist;
				LD_RUNPATH_SEARCH_PATHS = "$(inherited) @executable_path/Frameworks";
				PRODUCT_NAME = "$(TARGET_NAME)";
			};
			name = Release;
		};
		00F981591A7F916A00FBC205 /* Debug */ = {
			isa = XCBuildConfiguration;
			buildSettings = {
				BUNDLE_LOADER = "$(TEST_HOST)";
				FRAMEWORK_SEARCH_PATHS = (
					"$(SDKROOT)/Developer/Library/Frameworks",
					"$(inherited)",
				);
				GCC_PREPROCESSOR_DEFINITIONS = (
					"DEBUG=1",
					"$(inherited)",
				);
				INFOPLIST_FILE = EverpobreTests/Info.plist;
				LD_RUNPATH_SEARCH_PATHS = "$(inherited) @executable_path/Frameworks @loader_path/Frameworks";
				PRODUCT_NAME = "$(TARGET_NAME)";
				TEST_HOST = "$(BUILT_PRODUCTS_DIR)/Everpobre.app/Everpobre";
			};
			name = Debug;
		};
		00F9815A1A7F916A00FBC205 /* Release */ = {
			isa = XCBuildConfiguration;
			buildSettings = {
				BUNDLE_LOADER = "$(TEST_HOST)";
				FRAMEWORK_SEARCH_PATHS = (
					"$(SDKROOT)/Developer/Library/Frameworks",
					"$(inherited)",
				);
				INFOPLIST_FILE = EverpobreTests/Info.plist;
				LD_RUNPATH_SEARCH_PATHS = "$(inherited) @executable_path/Frameworks @loader_path/Frameworks";
				PRODUCT_NAME = "$(TARGET_NAME)";
				TEST_HOST = "$(BUILT_PRODUCTS_DIR)/Everpobre.app/Everpobre";
			};
			name = Release;
		};
/* End XCBuildConfiguration section */

/* Begin XCConfigurationList section */
		00F981331A7F916A00FBC205 /* Build configuration list for PBXProject "Everpobre" */ = {
			isa = XCConfigurationList;
			buildConfigurations = (
				00F981531A7F916A00FBC205 /* Debug */,
				00F981541A7F916A00FBC205 /* Release */,
			);
			defaultConfigurationIsVisible = 0;
			defaultConfigurationName = Release;
		};
		00F981551A7F916A00FBC205 /* Build configuration list for PBXNativeTarget "Everpobre" */ = {
			isa = XCConfigurationList;
			buildConfigurations = (
				00F981561A7F916A00FBC205 /* Debug */,
				00F981571A7F916A00FBC205 /* Release */,
			);
			defaultConfigurationIsVisible = 0;
			defaultConfigurationName = Release;
		};
		00F981581A7F916A00FBC205 /* Build configuration list for PBXNativeTarget "EverpobreTests" */ = {
			isa = XCConfigurationList;
			buildConfigurations = (
				00F981591A7F916A00FBC205 /* Debug */,
				00F9815A1A7F916A00FBC205 /* Release */,
			);
			defaultConfigurationIsVisible = 0;
			defaultConfigurationName = Release;
		};
/* End XCConfigurationList section */

/* Begin XCVersionGroup section */
		00F9815C1A7F958000FBC205 /* Model.xcdatamodeld */ = {
			isa = XCVersionGroup;
			children = (
				00F9815D1A7F958000FBC205 /* Model.xcdatamodel */,
			);
			currentVersion = 00F9815D1A7F958000FBC205 /* Model.xcdatamodel */;
			path = Model.xcdatamodeld;
			sourceTree = "<group>";
			versionGroupType = wrapper.xcdatamodel;
		};
/* End XCVersionGroup section */
	};
	rootObject = 00F981301A7F916A00FBC205 /* Project object */;
}
